
Microsoft Visual Studio Solution File, Format Version 12.00
# Visual Studio Version 16
VisualStudioVersion = 16.0.29905.134
MinimumVisualStudioVersion = 10.0.40219.1
Project("{9A19103F-16F7-4668-BE54-9A1E7A4F7556}") = "Turntablio.RoleService", "Turntablio.RoleService\Turntablio.RoleService.csproj", "{8596C27E-4EC2-4D32-84C1-876743017B3B}"
EndProject
Global
	GlobalSection(SolutionConfigurationPlatforms) = preSolution
		Debug|Any CPU = Debug|Any CPU
		Release|Any CPU = Release|Any CPU
	EndGlobalSection
	GlobalSection(ProjectConfigurationPlatforms) = postSolution
		{8596C27E-4EC2-4D32-84C1-876743017B3B}.Debug|Any CPU.ActiveCfg = Debug|Any CPU
		{8596C27E-4EC2-4D32-84C1-876743017B3B}.Debug|Any CPU.Build.0 = Debug|Any CPU
		{8596C27E-4EC2-4D32-84C1-876743017B3B}.Release|Any CPU.ActiveCfg = Release|Any CPU
		{8596C27E-4EC2-4D32-84C1-876743017B3B}.Release|Any CPU.Build.0 = Release|Any CPU
	EndGlobalSection
	GlobalSection(SolutionProperties) = preSolution
		HideSolutionNode = FALSE
	EndGlobalSection
	GlobalSection(ExtensibilityGlobals) = postSolution
		SolutionGuid = {0E0B6E8E-7E13-4FBC-9CF2-842470CAA6D4}
	EndGlobalSection
EndGlobal
